Microsoft Visual Studio Solution File, Format Version 12.00
# Visual Studio Version 17
VisualStudioVersion = 17.5.2.0
MinimumVisualStudioVersion = 10.0.40219.1
Project("{FAE04EC0-301F-11D3-BF4B-00C04F79EFBC}") = "CRA", "CRA.csproj", "{9E7A5263-20FC-6522-A9C5-797EF5638E9C}"
EndProject
Global
	GlobalSection(SolutionConfigurationPlatforms) = preSolution
		Debug|Any CPU = Debug|Any CPU
		Release|Any CPU = Release|Any CPU
	EndGlobalSection
	GlobalSection(ProjectConfigurationPlatforms) = postSolution
		{9E7A5263-20FC-6522-A9C5-797EF5638E9C}.Debug|Any CPU.ActiveCfg = Debug|Any CPU
		{9E7A5263-20FC-6522-A9C5-797EF5638E9C}.Debug|Any CPU.Build.0 = Debug|Any CPU
		{9E7A5263-20FC-6522-A9C5-797EF5638E9C}.Release|Any CPU.ActiveCfg = Release|Any CPU
		{9E7A5263-20FC-6522-A9C5-797EF5638E9C}.Release|Any CPU.Build.0 = Release|Any CPU
	EndGlobalSection
	GlobalSection(SolutionProperties) = preSolution
		HideSolutionNode = FALSE
	EndGlobalSection
	GlobalSection(ExtensibilityGlobals) = postSolution
		SolutionGuid = {BC79ECFC-7C93-4471-8494-1DD71721F433}
	EndGlobalSection
EndGlobal
